# This file is automatically @generated by Cargo.
# It is not intended for manual editing.
version = 3

[[package]]
name = "performance-calculator"
version = "0.1.0"
dependencies = [
 "rosu-pp",
]

[[package]]
name = "rosu-pp"
version = "0.9.4"
source = "registry+https://github.com/rust-lang/crates.io-index"
checksum = "21a423903b205528da09d7db2f74facc3d5db3e67890e4c78e2c52bf77bcf00f"
